PODS:
  - audio_session (0.0.1):
    - Flutter
  - Flutter (1.0.0)
  - just_audio (0.0.1):
    - Flutter
    - FlutterMacOS
  - path_provider_foundation (0.0.1):
    - Flutter
    - FlutterMacOS
  - permission_handler_apple (9.3.0):
    - Flutter
  - record_darwin (1.0.0):
    - Flutter
  - shared_preferences_foundation (0.0.1):
    - Flutter
    - FlutterMacOS

DEPENDENCIES:
  - audio_session (from `.symlinks/plugins/audio_session/ios`)
  - Flutter (from `Flutter`)
  - just_audio (from `.symlinks/plugins/just_audio/darwin`)
  - path_provider_foundation (from `.symlinks/plugins/path_provider_foundation/darwin`)
  - permission_handler_apple (from `.symlinks/plugins/permission_handler_apple/ios`)
  - record_darwin (from `.symlinks/plugins/record_darwin/ios`)
  - shared_preferences_foundation (from `.symlinks/plugins/shared_preferences_foundation/darwin`)

EXTERNAL SOURCES:
  audio_session:
    :path: ".symlinks/plugins/audio_session/ios"
  Flutter:
    :path: Flutter
  just_audio:
    :path: ".symlinks/plugins/just_audio/darwin"
  path_provider_foundation:
    :path: ".symlinks/plugins/path_provider_foundation/darwin"
  permission_handler_apple:
    :path: ".symlinks/plugins/permission_handler_apple/ios"
  record_darwin:
    :path: ".symlinks/plugins/record_darwin/ios"
  shared_preferences_foundation:
    :path: ".symlinks/plugins/shared_preferences_foundation/darwin"

SPEC CHECKSUMS:
  audio_session: 9bb7f6c970f21241b19f5a3658097ae459681ba0
  Flutter: cabc95a1d2626b1b06e7179b784ebcf0c0cde467
  just_audio: 4e391f57b79cad2b0674030a00453ca5ce817eed
  path_provider_foundation: bb55f6dbba17d0dccd6737fe6f7f34fbd0376880
  permission_handler_apple: 4ed2196e43d0651e8ff7ca3483a069d469701f2d
  record_darwin: fb1f375f1d9603714f55b8708a903bbb91ffdb0a
  shared_preferences_foundation: 7036424c3d8ec98dfe75ff1667cb0cd531ec82bb

PODFILE CHECKSUM: a5a9ff1165c4c2ad73023aeceb0faa9e13b72ac9

COCOAPODS: 1.16.2
